<?xml version="1.0" encoding="utf-8"?>
<Project ToolsVersion="4.0" xmlns="http://schemas.microsoft.com/developer/msbuild/2003">
  <ItemGroup>
    <Filter Include="Source Files">
      <UniqueIdentifier>{4FC737F1-C7A5-4376-A066-2A32D752A2FF}</UniqueIdentifier>
      <Extensions>cpp;c;cc;cxx;c++;cppm;ixx;def;odl;idl;hpj;bat;asm;asmx</Extensions>
    </Filter>
    <Filter Include="Header Files">
      <UniqueIdentifier>{93995380-89BD-4b04-88EB-625FBE52EBFB}</UniqueIdentifier>
      <Extensions>h;hh;hpp;hxx;h++;hm;inl;inc;ipp;xsd</Extensions>
    </Filter>
    <Filter Include="Header Files\Resource Files">
      <UniqueIdentifier>{67DA6AB6-F800-4c08-8B7A-83BB121AAD01}</UniqueIdentifier>
      <Extensions>rc;ico;cur;bmp;dlg;rc2;rct;bin;rgs;gif;jpg;jpeg;jpe;resx;tiff;tif;png;wav;mfcribbon-ms</Extensions>
    </Filter>
  </ItemGroup>
  <ItemGroup>
    <ClCompile Include="main.cpp">
      <Filter>Source Files</Filter>
    </ClCompile>
    <ClCompile Include="DanhSachLoaiMatHang.cpp">
      <Filter>Source Files</Filter>
    </ClCompile>
    <ClCompile Include="mathang.cpp">
      <Filter>Source Files</Filter>
    </ClCompile>
    <ClCompile Include="loaimathang.cpp">
      <Filter>Source Files</Filter>
    </ClCompile>
    <ClCompile Include="Consoletable.cpp">
      <Filter>Source Files</Filter>
    </ClCompile>
    <ClCompile Include="ThuocLa.cpp">
      <Filter>Source Files</Filter>
    </ClCompile>
    <ClCompile Include="Bia.cpp">
      <Filter>Source Files</Filter>
    </ClCompile>
    <ClCompile Include="NuocNgot.cpp">
      <Filter>Source Files</Filter>
    </ClCompile>
    <ClCompile Include="Ruou.cpp">
      <Filter>Source Files</Filter>
    </ClCompile>
    <ClCompile Include="Mathangbia.cpp">
      <Filter>Source Files</Filter>
    </ClCompile>
    <ClCompile Include="Mathangthuocla.cpp">
      <Filter>Source Files</Filter>
    </ClCompile>
    <ClCompile Include="Mathangruou.cpp">
      <Filter>Source Files</Filter>
    </ClCompile>
    <ClCompile Include="Mathangnuocngot.cpp">
      <Filter>Source Files</Filter>
    </ClCompile>
    <ClCompile Include="MatHangRong.cpp">
      <Filter>Source Files</Filter>
    </ClCompile>
  </ItemGroup>
  <ItemGroup>
    <ClInclude Include="DanhSachLoaiMatHang.h">
      <Filter>Header Files</Filter>
    </ClInclude>
    <ClInclude Include="mathang.h">
      <Filter>Header Files</Filter>
    </ClInclude>
    <ClInclude Include="loaimathang.h">
      <Filter>Header Files</Filter>
    </ClInclude>
    <ClInclude Include="LinkList.h">
      <Filter>Header Files</Filter>
    </ClInclude>
    <ClInclude Include="Consoletable.h">
      <Filter>Header Files</Filter>
    </ClInclude>
    <ClInclude Include="NODE.h">
      <Filter>Header Files</Filter>
    </ClInclude>
    <ClInclude Include="ThuocLa.h">
      <Filter>Header Files</Filter>
    </ClInclude>
    <ClInclude Include="Bia.h">
      <Filter>Header Files</Filter>
    </ClInclude>
    <ClInclude Include="NuocNgot.h">
      <Filter>Header Files</Filter>
    </ClInclude>
    <ClInclude Include="Ruou.h">
      <Filter>Header Files</Filter>
    </ClInclude>
    <ClInclude Include="Mathangbia.h">
      <Filter>Header Files</Filter>
    </ClInclude>
    <ClInclude Include="Mathangthuocla.h">
      <Filter>Header Files</Filter>
    </ClInclude>
    <ClInclude Include="Mathangruou.h">
      <Filter>Header Files</Filter>
    </ClInclude>
    <ClInclude Include="Mathangnuocngot.h">
      <Filter>Header Files</Filter>
    </ClInclude>
    <ClInclude Include="MatHangRong.h">
      <Filter>Header Files</Filter>
    </ClInclude>
  </ItemGroup>
</Project>